
Microsoft Visual Studio Solution File, Format Version 12.00
# Visual Studio Version 17
VisualStudioVersion = 17.8.34330.188
MinimumVisualStudioVersion = 10.0.40219.1
Project("{FAE04EC0-301F-11D3-BF4B-00C04F79EFBC}") = "channelInspection", "channelInspection\channelInspection.csproj", "{EE6983D3-FB0D-4109-ACCD-9EA8962D9FF0}"
EndProject
Global
	GlobalSection(SolutionConfigurationPlatforms) = preSolution
		Debug|Any CPU = Debug|Any CPU
		Release|Any CPU = Release|Any CPU
	EndGlobalSection
	GlobalSection(ProjectConfigurationPlatforms) = postSolution
		{EE6983D3-FB0D-4109-ACCD-9EA8962D9FF0}.Debug|Any CPU.ActiveCfg = Debug|Any CPU
		{EE6983D3-FB0D-4109-ACCD-9EA8962D9FF0}.Debug|Any CPU.Build.0 = Debug|Any CPU
		{EE6983D3-FB0D-4109-ACCD-9EA8962D9FF0}.Release|Any CPU.ActiveCfg = Release|Any CPU
		{EE6983D3-FB0D-4109-ACCD-9EA8962D9FF0}.Release|Any CPU.Build.0 = Release|Any CPU
	EndGlobalSection
	GlobalSection(SolutionProperties) = preSolution
		HideSolutionNode = FALSE
	EndGlobalSection
	GlobalSection(ExtensibilityGlobals) = postSolution
		SolutionGuid = {5CD3039B-1367-4C97-9BA6-2188310DD995}
	EndGlobalSection
EndGlobal
